
Microsoft Visual Studio Solution File, Format Version 12.00
# Visual Studio 15
VisualStudioVersion = 15.0.28307.421
MinimumVisualStudioVersion = 10.0.40219.1
Project("{FAE04EC0-301F-11D3-BF4B-00C04F79EFBC}") = "TPMedieval", "TPMedieval\TPMedieval.csproj", "{ABDC2EBA-F876-4FDF-9EEC-F7C5705E0417}"
EndProject
Global
	GlobalSection(SolutionConfigurationPlatforms) = preSolution
		Debug|Any CPU = Debug|Any CPU
		Release|Any CPU = Release|Any CPU
	EndGlobalSection
	GlobalSection(ProjectConfigurationPlatforms) = postSolution
		{ABDC2EBA-F876-4FDF-9EEC-F7C5705E0417}.Debug|Any CPU.ActiveCfg = Debug|Any CPU
		{ABDC2EBA-F876-4FDF-9EEC-F7C5705E0417}.Debug|Any CPU.Build.0 = Debug|Any CPU
		{ABDC2EBA-F876-4FDF-9EEC-F7C5705E0417}.Release|Any CPU.ActiveCfg = Release|Any CPU
		{ABDC2EBA-F876-4FDF-9EEC-F7C5705E0417}.Release|Any CPU.Build.0 = Release|Any CPU
	EndGlobalSection
	GlobalSection(SolutionProperties) = preSolution
		HideSolutionNode = FALSE
	EndGlobalSection
	GlobalSection(ExtensibilityGlobals) = postSolution
		SolutionGuid = {13FE7B0F-64EB-4358-9988-2AA8A6C3DCCD}
	EndGlobalSection
EndGlobal
